
Microsoft Visual Studio Solution File, Format Version 12.00
# Visual Studio Version 17
VisualStudioVersion = 17.8.34511.84
MinimumVisualStudioVersion = 10.0.40219.1
Project("{FAE04EC0-301F-11D3-BF4B-00C04F79EFBC}") = "Abode", "Abode.csproj", "{424116DC-770B-4C54-9CF9-EAAF7A20300B}"
EndProject
Global
	GlobalSection(SolutionConfigurationPlatforms) = preSolution
		Debug|Any CPU = Debug|Any CPU
		Release|Any CPU = Release|Any CPU
	EndGlobalSection
	GlobalSection(ProjectConfigurationPlatforms) = postSolution
		{424116DC-770B-4C54-9CF9-EAAF7A20300B}.Debug|Any CPU.ActiveCfg = Debug|Any CPU
		{424116DC-770B-4C54-9CF9-EAAF7A20300B}.Debug|Any CPU.Build.0 = Debug|Any CPU
		{424116DC-770B-4C54-9CF9-EAAF7A20300B}.Release|Any CPU.ActiveCfg = Release|Any CPU
		{424116DC-770B-4C54-9CF9-EAAF7A20300B}.Release|Any CPU.Build.0 = Release|Any CPU
	EndGlobalSection
	GlobalSection(SolutionProperties) = preSolution
		HideSolutionNode = FALSE
	EndGlobalSection
	GlobalSection(ExtensibilityGlobals) = postSolution
		SolutionGuid = {FE2B0A57-22A3-451D-8181-573088074107}
	EndGlobalSection
EndGlobal
